
Microsoft Visual Studio Solution File, Format Version 12.00
# Visual Studio Version 16
VisualStudioVersion = 16.0.30114.105
MinimumVisualStudioVersion = 10.0.40219.1
Project("{FAE04EC0-301F-11D3-BF4B-00C04F79EFBC}") = "API", "API\API.csproj", "{16B8B4FF-75E0-4617-B606-19AD8252FDD7}"
EndProject
Project("{FAE04EC0-301F-11D3-BF4B-00C04F79EFBC}") = "Application", "Application\Application.csproj", "{C8616E3A-E592-49C1-A518-0FE47CB18912}"
EndProject
Project("{FAE04EC0-301F-11D3-BF4B-00C04F79EFBC}") = "Persistence", "Persistence\Persistence.csproj", "{C0250472-D94A-4518-87FE-E4000A9DA1CC}"
EndProject
Project("{FAE04EC0-301F-11D3-BF4B-00C04F79EFBC}") = "Domain", "Domain\Domain.csproj", "{49F024F4-B58F-4721-8F05-635A10D98363}"
EndProject
Global
	GlobalSection(SolutionConfigurationPlatforms) = preSolution
		Debug|Any CPU = Debug|Any CPU
		Release|Any CPU = Release|Any CPU
	EndGlobalSection
	GlobalSection(SolutionProperties) = preSolution
		HideSolutionNode = FALSE
	EndGlobalSection
	GlobalSection(ProjectConfigurationPlatforms) = postSolution
		{16B8B4FF-75E0-4617-B606-19AD8252FDD7}.Debug|Any CPU.ActiveCfg = Debug|Any CPU
		{16B8B4FF-75E0-4617-B606-19AD8252FDD7}.Debug|Any CPU.Build.0 = Debug|Any CPU
		{16B8B4FF-75E0-4617-B606-19AD8252FDD7}.Release|Any CPU.ActiveCfg = Release|Any CPU
		{16B8B4FF-75E0-4617-B606-19AD8252FDD7}.Release|Any CPU.Build.0 = Release|Any CPU
		{C8616E3A-E592-49C1-A518-0FE47CB18912}.Debug|Any CPU.ActiveCfg = Debug|Any CPU
		{C8616E3A-E592-49C1-A518-0FE47CB18912}.Debug|Any CPU.Build.0 = Debug|Any CPU
		{C8616E3A-E592-49C1-A518-0FE47CB18912}.Release|Any CPU.ActiveCfg = Release|Any CPU
		{C8616E3A-E592-49C1-A518-0FE47CB18912}.Release|Any CPU.Build.0 = Release|Any CPU
		{C0250472-D94A-4518-87FE-E4000A9DA1CC}.Debug|Any CPU.ActiveCfg = Debug|Any CPU
		{C0250472-D94A-4518-87FE-E4000A9DA1CC}.Debug|Any CPU.Build.0 = Debug|Any CPU
		{C0250472-D94A-4518-87FE-E4000A9DA1CC}.Release|Any CPU.ActiveCfg = Release|Any CPU
		{C0250472-D94A-4518-87FE-E4000A9DA1CC}.Release|Any CPU.Build.0 = Release|Any CPU
		{49F024F4-B58F-4721-8F05-635A10D98363}.Debug|Any CPU.ActiveCfg = Debug|Any CPU
		{49F024F4-B58F-4721-8F05-635A10D98363}.Debug|Any CPU.Build.0 = Debug|Any CPU
		{49F024F4-B58F-4721-8F05-635A10D98363}.Release|Any CPU.ActiveCfg = Release|Any CPU
		{49F024F4-B58F-4721-8F05-635A10D98363}.Release|Any CPU.Build.0 = Release|Any CPU
	EndGlobalSection
EndGlobal
